
Microsoft Visual Studio Solution File, Format Version 11.00
# Visual Studio 2010
Project("{FAE04EC0-301F-11D3-BF4B-00C04F79EFBC}") = "JetCode.FactoryData", "JetCode.FactoryData\JetCode.FactoryData.csproj", "{D0DE7C50-0E60-4BD2-A4F2-D57DC3A681A6}"
EndProject
Project("{FAE04EC0-301F-11D3-BF4B-00C04F79EFBC}") = "JetCode.FactoryDataFixture", "JetCode.FactoryDataFixture\JetCode.FactoryDataFixture.csproj", "{50452B4D-B098-4D22-881F-E3BC0C1B4E29}"
EndProject
Global
	GlobalSection(SolutionConfigurationPlatforms) = preSolution
		Debug|Any CPU = Debug|Any CPU
		Release|Any CPU = Release|Any CPU
	EndGlobalSection
	GlobalSection(ProjectConfigurationPlatforms) = postSolution
		{D0DE7C50-0E60-4BD2-A4F2-D57DC3A681A6}.Debug|Any CPU.ActiveCfg = Debug|Any CPU
		{D0DE7C50-0E60-4BD2-A4F2-D57DC3A681A6}.Debug|Any CPU.Build.0 = Debug|Any CPU
		{D0DE7C50-0E60-4BD2-A4F2-D57DC3A681A6}.Release|Any CPU.ActiveCfg = Release|Any CPU
		{D0DE7C50-0E60-4BD2-A4F2-D57DC3A681A6}.Release|Any CPU.Build.0 = Release|Any CPU
		{50452B4D-B098-4D22-881F-E3BC0C1B4E29}.Debug|Any CPU.ActiveCfg = Debug|Any CPU
		{50452B4D-B098-4D22-881F-E3BC0C1B4E29}.Debug|Any CPU.Build.0 = Debug|Any CPU
		{50452B4D-B098-4D22-881F-E3BC0C1B4E29}.Release|Any CPU.ActiveCfg = Release|Any CPU
		{50452B4D-B098-4D22-881F-E3BC0C1B4E29}.Release|Any CPU.Build.0 = Release|Any CPU
	EndGlobalSection
	GlobalSection(SolutionProperties) = preSolution
		HideSolutionNode = FALSE
	EndGlobalSection
EndGlobal
