
Microsoft Visual Studio Solution File, Format Version 12.00
# Visual Studio 14
VisualStudioVersion = 14.0.23107.0
MinimumVisualStudioVersion = 10.0.40219.1
Project("{FAE04EC0-301F-11D3-BF4B-00C04F79EFBC}") = "JetCode.FactoryRemoting", "JetCode.FactoryRemoting\JetCode.FactoryRemoting.csproj", "{C7F6AA5B-A53B-459A-A338-AC3BFCB7FBE2}"
EndProject
Project("{FAE04EC0-301F-11D3-BF4B-00C04F79EFBC}") = "JetCode.FactoryRemotingFixture", "JetCode.FactoryRemotingFixture\JetCode.FactoryRemotingFixture.csproj", "{CAAB4E09-CDA1-4F37-A93A-CB2B818C41E8}"
EndProject
Global
	GlobalSection(SolutionConfigurationPlatforms) = preSolution
		Debug|Any CPU = Debug|Any CPU
		Release|Any CPU = Release|Any CPU
	EndGlobalSection
	GlobalSection(ProjectConfigurationPlatforms) = postSolution
		{C7F6AA5B-A53B-459A-A338-AC3BFCB7FBE2}.Debug|Any CPU.ActiveCfg = Debug|Any CPU
		{C7F6AA5B-A53B-459A-A338-AC3BFCB7FBE2}.Debug|Any CPU.Build.0 = Debug|Any CPU
		{C7F6AA5B-A53B-459A-A338-AC3BFCB7FBE2}.Release|Any CPU.ActiveCfg = Release|Any CPU
		{C7F6AA5B-A53B-459A-A338-AC3BFCB7FBE2}.Release|Any CPU.Build.0 = Release|Any CPU
		{CAAB4E09-CDA1-4F37-A93A-CB2B818C41E8}.Debug|Any CPU.ActiveCfg = Debug|Any CPU
		{CAAB4E09-CDA1-4F37-A93A-CB2B818C41E8}.Debug|Any CPU.Build.0 = Debug|Any CPU
		{CAAB4E09-CDA1-4F37-A93A-CB2B818C41E8}.Release|Any CPU.ActiveCfg = Release|Any CPU
		{CAAB4E09-CDA1-4F37-A93A-CB2B818C41E8}.Release|Any CPU.Build.0 = Release|Any CPU
	EndGlobalSection
	GlobalSection(SolutionProperties) = preSolution
		HideSolutionNode = FALSE
	EndGlobalSection
EndGlobal
