
Microsoft Visual Studio Solution File, Format Version 11.00
# Visual Studio 2010
Project("{FAE04EC0-301F-11D3-BF4B-00C04F79EFBC}") = "JetCode.FactoryBasicService", "JetCode.FactoryBasicService\JetCode.FactoryBasicService.csproj", "{33AD3F2D-BB98-4840-AA78-6C2F13C2B9CE}"
EndProject
Project("{FAE04EC0-301F-11D3-BF4B-00C04F79EFBC}") = "JetCode.FactoryBasicServiceFixture", "JetCode.FactoryBasicServiceFixture\JetCode.FactoryBasicServiceFixture.csproj", "{45D5E562-A6A3-4358-BA5B-373FF87A1A4D}"
EndProject
Global
	GlobalSection(SolutionConfigurationPlatforms) = preSolution
		Debug|Any CPU = Debug|Any CPU
		Release|Any CPU = Release|Any CPU
	EndGlobalSection
	GlobalSection(ProjectConfigurationPlatforms) = postSolution
		{33AD3F2D-BB98-4840-AA78-6C2F13C2B9CE}.Debug|Any CPU.ActiveCfg = Debug|Any CPU
		{33AD3F2D-BB98-4840-AA78-6C2F13C2B9CE}.Debug|Any CPU.Build.0 = Debug|Any CPU
		{33AD3F2D-BB98-4840-AA78-6C2F13C2B9CE}.Release|Any CPU.ActiveCfg = Release|Any CPU
		{33AD3F2D-BB98-4840-AA78-6C2F13C2B9CE}.Release|Any CPU.Build.0 = Release|Any CPU
		{45D5E562-A6A3-4358-BA5B-373FF87A1A4D}.Debug|Any CPU.ActiveCfg = Debug|Any CPU
		{45D5E562-A6A3-4358-BA5B-373FF87A1A4D}.Debug|Any CPU.Build.0 = Debug|Any CPU
		{45D5E562-A6A3-4358-BA5B-373FF87A1A4D}.Release|Any CPU.ActiveCfg = Release|Any CPU
		{45D5E562-A6A3-4358-BA5B-373FF87A1A4D}.Release|Any CPU.Build.0 = Release|Any CPU
	EndGlobalSection
	GlobalSection(SolutionProperties) = preSolution
		HideSolutionNode = FALSE
	EndGlobalSection
EndGlobal
